Microsoft Visual Studio Solution File, Format Version 11.00
# Visual Studio 2008

Project("{034C9F8D-577E-1302-2D51-3313EC4C2279}") = "DontStop", "Assembly-CSharp-firstpass.csproj", "{D47AEAFB-D426-DCB8-690C-7F0539B9EAEA}"
EndProject
Project("{034C9F8D-577E-1302-2D51-3313EC4C2279}") = "DontStop", "Assembly-CSharp.csproj", "{EE077FB5-5910-F9C9-D456-3C44A6E6151A}"
EndProject
Project("{034C9F8D-577E-1302-2D51-3313EC4C2279}") = "DontStop", "Assembly-CSharp-Editor.csproj", "{D839A3CF-7FD8-A606-5975-AE0DC322F33E}"
EndProject
Global
	GlobalSection(SolutionConfigurationPlatforms) = preSolution
		Debug|Any CPU = Debug|Any CPU
		Release|Any CPU = Release|Any CPU
	EndGlobalSection
	GlobalSection(ProjectConfigurationPlatforms) = postSolution
		{D47AEAFB-D426-DCB8-690C-7F0539B9EAEA}.Debug|Any CPU.ActiveCfg = Debug|Any CPU
		{D47AEAFB-D426-DCB8-690C-7F0539B9EAEA}.Debug|Any CPU.Build.0 = Debug|Any CPU
		{D47AEAFB-D426-DCB8-690C-7F0539B9EAEA}.Release|Any CPU.ActiveCfg = Release|Any CPU
		{D47AEAFB-D426-DCB8-690C-7F0539B9EAEA}.Release|Any CPU.Build.0 = Release|Any CPU
		{EE077FB5-5910-F9C9-D456-3C44A6E6151A}.Debug|Any CPU.ActiveCfg = Debug|Any CPU
		{EE077FB5-5910-F9C9-D456-3C44A6E6151A}.Debug|Any CPU.Build.0 = Debug|Any CPU
		{EE077FB5-5910-F9C9-D456-3C44A6E6151A}.Release|Any CPU.ActiveCfg = Release|Any CPU
		{EE077FB5-5910-F9C9-D456-3C44A6E6151A}.Release|Any CPU.Build.0 = Release|Any CPU
		{D839A3CF-7FD8-A606-5975-AE0DC322F33E}.Debug|Any CPU.ActiveCfg = Debug|Any CPU
		{D839A3CF-7FD8-A606-5975-AE0DC322F33E}.Debug|Any CPU.Build.0 = Debug|Any CPU
		{D839A3CF-7FD8-A606-5975-AE0DC322F33E}.Release|Any CPU.ActiveCfg = Release|Any CPU
		{D839A3CF-7FD8-A606-5975-AE0DC322F33E}.Release|Any CPU.Build.0 = Release|Any CPU
	EndGlobalSection
	GlobalSection(SolutionProperties) = preSolution
		HideSolutionNode = FALSE
	EndGlobalSection
																					GlobalSection(MonoDevelopProperties) = preSolution
		StartupItem = Assembly-CSharp.csproj
		Policies = $0
		$0.TextStylePolicy = $1
		$1.inheritsSet = null
		$1.scope = text/x-csharp
		$0.CSharpFormattingPolicy = $2
		$2.inheritsSet = Mono
		$2.inheritsScope = text/x-csharp
		$2.scope = text/x-csharp
		$0.TextStylePolicy = $3
		$3.FileWidth = 120
		$3.TabWidth = 4
		$3.IndentWidth = 4
		$3.EolMarker = Unix
		$3.inheritsSet = Mono
		$3.inheritsScope = text/plain
		$3.scope = text/plain
	EndGlobalSection

EndGlobal
